
Microsoft Visual Studio Solution File, Format Version 11.00
# Visual Studio 2010
Project("{FAE04EC0-301F-11D3-BF4B-00C04F79EFBC}") = "HuaJiao", "Assembly-CSharp.csproj", "{066A941A-EEC9-8A4A-0CC6-055C06C25925}"
EndProject
Project("{FAE04EC0-301F-11D3-BF4B-00C04F79EFBC}") = "HuaJiao", "Assembly-CSharp-Editor.csproj", "{1CFE0281-3881-4681-1AF1-F9E5F61D7E9E}"
EndProject
Global
	GlobalSection(SolutionConfigurationPlatforms) = preSolution
		Debug|Any CPU = Debug|Any CPU
		Release|Any CPU = Release|Any CPU
	EndGlobalSection
	GlobalSection(ProjectConfigurationPlatforms) = postSolution
		{066A941A-EEC9-8A4A-0CC6-055C06C25925}.Debug|Any CPU.ActiveCfg = Debug|Any CPU
		{066A941A-EEC9-8A4A-0CC6-055C06C25925}.Debug|Any CPU.Build.0 = Debug|Any CPU
		{066A941A-EEC9-8A4A-0CC6-055C06C25925}.Release|Any CPU.ActiveCfg = Release|Any CPU
		{066A941A-EEC9-8A4A-0CC6-055C06C25925}.Release|Any CPU.Build.0 = Release|Any CPU
		{1CFE0281-3881-4681-1AF1-F9E5F61D7E9E}.Debug|Any CPU.ActiveCfg = Debug|Any CPU
		{1CFE0281-3881-4681-1AF1-F9E5F61D7E9E}.Debug|Any CPU.Build.0 = Debug|Any CPU
		{1CFE0281-3881-4681-1AF1-F9E5F61D7E9E}.Release|Any CPU.ActiveCfg = Release|Any CPU
		{1CFE0281-3881-4681-1AF1-F9E5F61D7E9E}.Release|Any CPU.Build.0 = Release|Any CPU
	EndGlobalSection
	GlobalSection(SolutionProperties) = preSolution
		HideSolutionNode = FALSE
	EndGlobalSection
	GlobalSection(MonoDevelopProperties) = preSolution
		StartupItem = Assembly-CSharp.csproj
	EndGlobalSection
EndGlobal
