
Microsoft Visual Studio Solution File, Format Version 12.00
# Visual Studio 15
Project("{FAE04EC0-301F-11D3-BF4B-00C04F79EFBC}") = "HuaJiao", "HuaJiao.csproj", "{C9EB520B-8A6F-22BF-9860-6C890BE7253A}"
EndProject
Project("{FAE04EC0-301F-11D3-BF4B-00C04F79EFBC}") = "HuaJiao.Editor", "HuaJiao.Editor.csproj", "{1C113A53-F6F1-080E-1ED2-D27503C787D7}"
EndProject
Global
	GlobalSection(SolutionConfigurationPlatforms) = preSolution
		Debug|Any CPU = Debug|Any CPU
		Release|Any CPU = Release|Any CPU
	EndGlobalSection
	GlobalSection(ProjectConfigurationPlatforms) = postSolution
		{C9EB520B-8A6F-22BF-9860-6C890BE7253A}.Debug|Any CPU.ActiveCfg = Debug|Any CPU
		{C9EB520B-8A6F-22BF-9860-6C890BE7253A}.Debug|Any CPU.Build.0 = Debug|Any CPU
		{C9EB520B-8A6F-22BF-9860-6C890BE7253A}.Release|Any CPU.ActiveCfg = Release|Any CPU
		{C9EB520B-8A6F-22BF-9860-6C890BE7253A}.Release|Any CPU.Build.0 = Release|Any CPU
		{1C113A53-F6F1-080E-1ED2-D27503C787D7}.Debug|Any CPU.ActiveCfg = Debug|Any CPU
		{1C113A53-F6F1-080E-1ED2-D27503C787D7}.Debug|Any CPU.Build.0 = Debug|Any CPU
		{1C113A53-F6F1-080E-1ED2-D27503C787D7}.Release|Any CPU.ActiveCfg = Release|Any CPU
		{1C113A53-F6F1-080E-1ED2-D27503C787D7}.Release|Any CPU.Build.0 = Release|Any CPU
	EndGlobalSection
	GlobalSection(SolutionProperties) = preSolution
		HideSolutionNode = FALSE
	EndGlobalSection
EndGlobal
